{
    "version": 3,
    "terraform_version": "0.8.5",
    "serial": 9,
    "lineage": "26a3321a-797a-4d6e-810d-3df171da5e35",
    "modules": [
        {
            "path": [
                "root"
            ],
            "outputs": {},
            "resources": {
                "aws_autoscaling_group.ecs-cluster": {
                    "type": "aws_autoscaling_group",
                    "depends_on": [
                        "aws_launch_configuration.ecs"
                    ],
                    "primary": {
                        "id": "ECS mycluster",
                        "attributes": {
                            "arn": "arn:aws:autoscaling:us-east-1:775606180962:autoScalingGroup:1a01fa1d-c78a-4caf-8c15-b76773ab860b:autoScalingGroupName/ECS mycluster",
                            "availability_zones.#": "1",
                            "availability_zones.3569565595": "us-east-1a",
                            "default_cooldown": "300",
                            "desired_capacity": "1",
                            "force_delete": "false",
                            "health_check_grace_period": "300",
                            "health_check_type": "EC2",
                            "id": "ECS mycluster",
                            "launch_configuration": "ECS mycluster",
                            "load_balancers.#": "0",
                            "max_size": "2",
                            "metrics_granularity": "1Minute",
                            "min_size": "1",
                            "name": "ECS mycluster",
                            "placement_group": "",
                            "protect_from_scale_in": "false",
                            "suspended_processes.#": "0",
                            "tag.#": "0",
                            "target_group_arns.#": "0",
                            "termination_policies.#": "0",
                            "vpc_zone_identifier.#": "1",
                            "vpc_zone_identifier.1983891678": "subnet-37d34c1a",
                            "wait_for_capacity_timeout": "10m"
                        },
                        "meta": {},
                        "tainted": false
                    },
                    "deposed": [],
                    "provider": ""
                },
                "aws_ecs_cluster.main": {
                    "type": "aws_ecs_cluster",
                    "depends_on": [],
                    "primary": {
                        "id": "arn:aws:ecs:us-east-1:775606180962:cluster/mycluster",
                        "attributes": {
                            "id": "arn:aws:ecs:us-east-1:775606180962:cluster/mycluster",
                            "name": "mycluster"
                        },
                        "meta": {},
                        "tainted": false
                    },
                    "deposed": [],
                    "provider": ""
                },
                "aws_ecs_service.test-http": {
                    "type": "aws_ecs_service",
                    "depends_on": [
                        "aws_ecs_cluster.main",
                        "aws_ecs_task_definition.test-http",
                        "aws_elb.test-http",
                        "aws_iam_role.ecs_service_role",
                        "aws_iam_role_policy.ecs_service_role_policy"
                    ],
                    "primary": {
                        "id": "arn:aws:ecs:us-east-1:775606180962:service/test-http",
                        "attributes": {
                            "cluster": "arn:aws:ecs:us-east-1:775606180962:cluster/mycluster",
                            "deployment_maximum_percent": "200",
                            "deployment_minimum_healthy_percent": "100",
                            "desired_count": "2",
                            "iam_role": "arn:aws:iam::775606180962:role/ecs_service_role",
                            "id": "arn:aws:ecs:us-east-1:775606180962:service/test-http",
                            "load_balancer.#": "1",
                            "load_balancer.3699964243.container_name": "test-http",
                            "load_balancer.3699964243.container_port": "8080",
                            "load_balancer.3699964243.elb_name": "test-http-elb",
                            "load_balancer.3699964243.target_group_arn": "",
                            "name": "test-http",
                            "placement_constraints.#": "0",
                            "placement_strategy.#": "0",
                            "task_definition": "arn:aws:ecs:us-east-1:775606180962:task-definition/test-http:3"
                        },
                        "meta": {},
                        "tainted": false
                    },
                    "deposed": [],
                    "provider": ""
                },
                "aws_ecs_task_definition.test-http": {
                    "type": "aws_ecs_task_definition",
                    "depends_on": [],
                    "primary": {
                        "id": "test-http",
                        "attributes": {
                            "arn": "arn:aws:ecs:us-east-1:775606180962:task-definition/test-http:3",
                            "container_definitions": "6c6de35ce767001a83c24f196fe913f73c9a31df",
                            "family": "test-http",
                            "id": "test-http",
                            "network_mode": "",
                            "placement_constraints.#": "0",
                            "revision": "3",
                            "task_role_arn": ""
                        },
                        "meta": {},
                        "tainted": false
                    },
                    "deposed": [],
                    "provider": ""
                },
                "aws_elb.test-http": {
                    "type": "aws_elb",
                    "depends_on": [
                        "aws_security_group.load_balancers-sg"
                    ],
                    "primary": {
                        "id": "test-http-elb",
                        "attributes": {
                            "access_logs.#": "0",
                            "availability_zones.#": "2",
                            "availability_zones.1305112097": "us-east-1b",
                            "availability_zones.3569565595": "us-east-1a",
                            "connection_draining": "false",
                            "connection_draining_timeout": "300",
                            "cross_zone_load_balancing": "true",
                            "dns_name": "test-http-elb-2002287297.us-east-1.elb.amazonaws.com",
                            "health_check.#": "1",
                            "health_check.0.healthy_threshold": "3",
                            "health_check.0.interval": "5",
                            "health_check.0.target": "HTTP:8080/hello-world",
                            "health_check.0.timeout": "3",
                            "health_check.0.unhealthy_threshold": "2",
                            "id": "test-http-elb",
                            "idle_timeout": "60",
                            "instances.#": "1",
                            "instances.388480567": "i-015e5aa759a5ac19c",
                            "internal": "false",
                            "listener.#": "1",
                            "listener.3931999347.instance_port": "8080",
                            "listener.3931999347.instance_protocol": "http",
                            "listener.3931999347.lb_port": "80",
                            "listener.3931999347.lb_protocol": "http",
                            "listener.3931999347.ssl_certificate_id": "",
                            "name": "test-http-elb",
                            "security_groups.#": "1",
                            "security_groups.3024928876": "sg-5ab2a226",
                            "source_security_group": "775606180962/load_balancers",
                            "source_security_group_id": "sg-5ab2a226",
                            "subnets.#": "2",
                            "subnets.1983891678": "subnet-37d34c1a",
                            "subnets.3939340980": "subnet-3ecad577",
                            "tags.%": "0",
                            "zone_id": "Z35SXDOTRQ7X7K"
                        },
                        "meta": {},
                        "tainted": false
                    },
                    "deposed": [],
                    "provider": ""
                },
                "aws_iam_instance_profile.ecs": {
                    "type": "aws_iam_instance_profile",
                    "depends_on": [
                        "aws_iam_role.ecs_host_role"
                    ],
                    "primary": {
                        "id": "ecs-instance-profile",
                        "attributes": {
                            "arn": "arn:aws:iam::775606180962:instance-profile/ecs-instance-profile",
                            "id": "ecs-instance-profile",
                            "name": "ecs-instance-profile",
                            "path": "/",
                            "roles.#": "1",
                            "roles.60187046": "ecs_host_role"
                        },
                        "meta": {},
                        "tainted": false
                    },
                    "deposed": [],
                    "provider": ""
                },
                "aws_iam_role.ecs_host_role": {
                    "type": "aws_iam_role",
                    "depends_on": [],
                    "primary": {
                        "id": "ecs_host_role",
                        "attributes": {
                            "arn": "arn:aws:iam::775606180962:role/ecs_host_role",
                            "assume_role_policy": "{\"Version\":\"2008-10-17\",\"Statement\":[{\"Effect\":\"Allow\",\"Principal\":{\"Service\":[\"ecs.amazonaws.com\",\"ec2.amazonaws.com\"]},\"Action\":\"sts:AssumeRole\"}]}",
                            "create_date": "2017-02-27T17:23:46Z",
                            "id": "ecs_host_role",
                            "name": "ecs_host_role",
                            "path": "/",
                            "unique_id": "AROAJDWN4PDH4AIKAS63G"
                        },
                        "meta": {},
                        "tainted": false
                    },
                    "deposed": [],
                    "provider": ""
                },
                "aws_iam_role.ecs_service_role": {
                    "type": "aws_iam_role",
                    "depends_on": [],
                    "primary": {
                        "id": "ecs_service_role",
                        "attributes": {
                            "arn": "arn:aws:iam::775606180962:role/ecs_service_role",
                            "assume_role_policy": "{\"Version\":\"2008-10-17\",\"Statement\":[{\"Effect\":\"Allow\",\"Principal\":{\"Service\":[\"ecs.amazonaws.com\",\"ec2.amazonaws.com\"]},\"Action\":\"sts:AssumeRole\"}]}",
                            "create_date": "2017-02-27T17:23:46Z",
                            "id": "ecs_service_role",
                            "name": "ecs_service_role",
                            "path": "/",
                            "unique_id": "AROAIPXHCOEUKQTZLFCMG"
                        },
                        "meta": {},
                        "tainted": false
                    },
                    "deposed": [],
                    "provider": ""
                },
                "aws_iam_role_policy.ecs_instance_role_policy": {
                    "type": "aws_iam_role_policy",
                    "depends_on": [
                        "aws_iam_role.ecs_host_role"
                    ],
                    "primary": {
                        "id": "ecs_host_role:ecs_instance_role_policy",
                        "attributes": {
                            "id": "ecs_host_role:ecs_instance_role_policy",
                            "name": "ecs_instance_role_policy",
                            "policy": "{\n  \"Version\": \"2012-10-17\",\n  \"Statement\": [\n    {\n      \"Effect\": \"Allow\",\n      \"Action\": [\n        \"ecs:CreateCluster\",\n        \"ecs:DeregisterContainerInstance\",\n        \"ecs:DiscoverPollEndpoint\",\n        \"ecs:Poll\",\n        \"ecs:RegisterContainerInstance\",\n        \"ecs:StartTelemetrySession\",\n        \"ecs:Submit*\",\n        \"ecs:StartTask\"\n      ],\n      \"Resource\": \"*\"\n    }\n  ]\n}\n",
                            "role": "ecs_host_role"
                        },
                        "meta": {},
                        "tainted": false
                    },
                    "deposed": [],
                    "provider": ""
                },
                "aws_iam_role_policy.ecs_service_role_policy": {
                    "type": "aws_iam_role_policy",
                    "depends_on": [
                        "aws_iam_role.ecs_service_role"
                    ],
                    "primary": {
                        "id": "ecs_service_role:ecs_service_role_policy",
                        "attributes": {
                            "id": "ecs_service_role:ecs_service_role_policy",
                            "name": "ecs_service_role_policy",
                            "policy": "{\n  \"Version\": \"2012-10-17\",\n  \"Statement\": [\n    {\n      \"Effect\": \"Allow\",\n      \"Action\": [\n        \"elasticloadbalancing:Describe*\",\n        \"elasticloadbalancing:DeregisterInstancesFromLoadBalancer\",\n        \"elasticloadbalancing:RegisterInstancesWithLoadBalancer\",\n        \"ec2:Describe*\",\n        \"ec2:AuthorizeSecurityGroupIngress\"\n      ],\n      \"Resource\": [\n        \"*\"\n      ]\n    }\n  ]\n}\n",
                            "role": "ecs_service_role"
                        },
                        "meta": {},
                        "tainted": false
                    },
                    "deposed": [],
                    "provider": ""
                },
                "aws_launch_configuration.ecs": {
                    "type": "aws_launch_configuration",
                    "depends_on": [
                        "aws_iam_instance_profile.ecs",
                        "aws_security_group.ecs-sg"
                    ],
                    "primary": {
                        "id": "ECS mycluster",
                        "attributes": {
                            "associate_public_ip_address": "true",
                            "ebs_block_device.#": "0",
                            "ebs_optimized": "false",
                            "enable_monitoring": "true",
                            "ephemeral_block_device.#": "0",
                            "iam_instance_profile": "ecs-instance-profile",
                            "id": "ECS mycluster",
                            "image_id": "ami-ddc7b6b7",
                            "instance_type": "t2.micro",
                            "key_name": "karasys-key",
                            "name": "ECS mycluster",
                            "root_block_device.#": "0",
                            "security_groups.#": "1",
                            "security_groups.318511363": "sg-51b2a22d",
                            "spot_price": "",
                            "user_data": "e525418b418ddd5b32cffb96b4b7dd288cf1c356",
                            "vpc_classic_link_id": "",
                            "vpc_classic_link_security_groups.#": "0"
                        },
                        "meta": {},
                        "tainted": false
                    },
                    "deposed": [],
                    "provider": ""
                },
                "aws_security_group.ecs-sg": {
                    "type": "aws_security_group",
                    "depends_on": [
                        "aws_security_group.load_balancers-sg"
                    ],
                    "primary": {
                        "id": "sg-51b2a22d",
                        "attributes": {
                            "description": "Allows all traffic",
                            "egress.#": "1",
                            "egress.482069346.cidr_blocks.#": "1",
                            "egress.482069346.cidr_blocks.0": "0.0.0.0/0",
                            "egress.482069346.from_port": "0",
                            "egress.482069346.prefix_list_ids.#": "0",
                            "egress.482069346.protocol": "-1",
                            "egress.482069346.security_groups.#": "0",
                            "egress.482069346.self": "false",
                            "egress.482069346.to_port": "0",
                            "id": "sg-51b2a22d",
                            "ingress.#": "2",
                            "ingress.3439706743.cidr_blocks.#": "0",
                            "ingress.3439706743.from_port": "0",
                            "ingress.3439706743.protocol": "-1",
                            "ingress.3439706743.security_groups.#": "1",
                            "ingress.3439706743.security_groups.3024928876": "sg-5ab2a226",
                            "ingress.3439706743.self": "false",
                            "ingress.3439706743.to_port": "0",
                            "ingress.482069346.cidr_blocks.#": "1",
                            "ingress.482069346.cidr_blocks.0": "0.0.0.0/0",
                            "ingress.482069346.from_port": "0",
                            "ingress.482069346.protocol": "-1",
                            "ingress.482069346.security_groups.#": "0",
                            "ingress.482069346.self": "false",
                            "ingress.482069346.to_port": "0",
                            "name": "ecs-sg",
                            "owner_id": "775606180962",
                            "tags.%": "0",
                            "vpc_id": "vpc-133de375"
                        },
                        "meta": {},
                        "tainted": false
                    },
                    "deposed": [],
                    "provider": ""
                },
                "aws_security_group.load_balancers-sg": {
                    "type": "aws_security_group",
                    "depends_on": [],
                    "primary": {
                        "id": "sg-5ab2a226",
                        "attributes": {
                            "description": "Allows all traffic",
                            "egress.#": "1",
                            "egress.482069346.cidr_blocks.#": "1",
                            "egress.482069346.cidr_blocks.0": "0.0.0.0/0",
                            "egress.482069346.from_port": "0",
                            "egress.482069346.prefix_list_ids.#": "0",
                            "egress.482069346.protocol": "-1",
                            "egress.482069346.security_groups.#": "0",
                            "egress.482069346.self": "false",
                            "egress.482069346.to_port": "0",
                            "id": "sg-5ab2a226",
                            "ingress.#": "1",
                            "ingress.482069346.cidr_blocks.#": "1",
                            "ingress.482069346.cidr_blocks.0": "0.0.0.0/0",
                            "ingress.482069346.from_port": "0",
                            "ingress.482069346.protocol": "-1",
                            "ingress.482069346.security_groups.#": "0",
                            "ingress.482069346.self": "false",
                            "ingress.482069346.to_port": "0",
                            "name": "load_balancers",
                            "owner_id": "775606180962",
                            "tags.%": "0",
                            "vpc_id": "vpc-133de375"
                        },
                        "meta": {},
                        "tainted": false
                    },
                    "deposed": [],
                    "provider": ""
                }
            },
            "depends_on": []
        }
    ]
}
