{
    "version": 3,
    "terraform_version": "0.8.5",
    "serial": 1,
    "lineage": "a4869b96-313f-45ff-810c-81775a6d8bd4",
    "modules": [
        {
            "path": [
                "root"
            ],
            "outputs": {
                "public_ip": {
                    "sensitive": false,
                    "type": "string",
                    "value": "52.55.131.149"
                }
            },
            "resources": {
                "aws_instance.example": {
                    "type": "aws_instance",
                    "depends_on": [
                        "aws_security_group.instance"
                    ],
                    "primary": {
                        "id": "i-032312e74e84c11d1",
                        "attributes": {
                            "ami": "ami-947d8482",
                            "associate_public_ip_address": "true",
                            "availability_zone": "us-east-1c",
                            "disable_api_termination": "false",
                            "ebs_block_device.#": "1",
                            "ebs_block_device.240594084.delete_on_termination": "false",
                            "ebs_block_device.240594084.device_name": "/dev/sdf",
                            "ebs_block_device.240594084.encrypted": "false",
                            "ebs_block_device.240594084.iops": "300",
                            "ebs_block_device.240594084.snapshot_id": "snap-09a71a6a14a2137b2",
                            "ebs_block_device.240594084.volume_size": "100",
                            "ebs_block_device.240594084.volume_type": "gp2",
                            "ebs_optimized": "false",
                            "ephemeral_block_device.#": "0",
                            "iam_instance_profile": "",
                            "id": "i-032312e74e84c11d1",
                            "instance_state": "running",
                            "instance_type": "t2.micro",
                            "key_name": "karasys-key",
                            "monitoring": "false",
                            "network_interface_id": "eni-00d794c5",
                            "private_dns": "ip-172-31-23-59.ec2.internal",
                            "private_ip": "172.31.23.59",
                            "public_dns": "ec2-52-55-131-149.compute-1.amazonaws.com",
                            "public_ip": "52.55.131.149",
                            "root_block_device.#": "1",
                            "root_block_device.0.delete_on_termination": "true",
                            "root_block_device.0.iops": "300",
                            "root_block_device.0.volume_size": "100",
                            "root_block_device.0.volume_type": "gp2",
                            "security_groups.#": "0",
                            "source_dest_check": "true",
                            "subnet_id": "subnet-e80096b3",
                            "tags.%": "1",
                            "tags.Name": "terraform-example",
                            "tenancy": "default",
                            "user_data": "4430fd6498339061effa6d27ccf341a1e94569d7",
                            "vpc_security_group_ids.#": "1",
                            "vpc_security_group_ids.1280057218": "sg-351a8b49"
                        },
                        "meta": {
                            "schema_version": "1"
                        },
                        "tainted": false
                    },
                    "deposed": [],
                    "provider": ""
                },
                "aws_security_group.instance": {
                    "type": "aws_security_group",
                    "depends_on": [],
                    "primary": {
                        "id": "sg-351a8b49",
                        "attributes": {
                            "description": "Managed by Terraform",
                            "egress.#": "0",
                            "id": "sg-351a8b49",
                            "ingress.#": "2",
                            "ingress.2541437006.cidr_blocks.#": "1",
                            "ingress.2541437006.cidr_blocks.0": "0.0.0.0/0",
                            "ingress.2541437006.from_port": "22",
                            "ingress.2541437006.protocol": "tcp",
                            "ingress.2541437006.security_groups.#": "0",
                            "ingress.2541437006.self": "false",
                            "ingress.2541437006.to_port": "22",
                            "ingress.516175195.cidr_blocks.#": "1",
                            "ingress.516175195.cidr_blocks.0": "0.0.0.0/0",
                            "ingress.516175195.from_port": "8080",
                            "ingress.516175195.protocol": "tcp",
                            "ingress.516175195.security_groups.#": "0",
                            "ingress.516175195.self": "false",
                            "ingress.516175195.to_port": "8080",
                            "name": "terraform-example-instance",
                            "owner_id": "775606180962",
                            "tags.%": "0",
                            "vpc_id": "vpc-133de375"
                        },
                        "meta": {},
                        "tainted": false
                    },
                    "deposed": [],
                    "provider": ""
                }
            },
            "depends_on": []
        }
    ]
}
