{
    "version": 3,
    "terraform_version": "0.8.5",
    "serial": 2,
    "lineage": "b2f69bbd-567e-4df0-a42e-15dbb06ee337",
    "modules": [
        {
            "path": [
                "root"
            ],
            "outputs": {},
            "resources": {
                "aws_alb.main": {
                    "type": "aws_alb",
                    "depends_on": [
                        "aws_security_group.lb_sg"
                    ],
                    "primary": {
                        "id": "arn:aws:elasticloadbalancing:us-east-1:775606180962:loadbalancer/app/tf-example-alb-ecs/afdc7abb531c9e02",
                        "attributes": {
                            "access_logs.#": "0",
                            "arn": "arn:aws:elasticloadbalancing:us-east-1:775606180962:loadbalancer/app/tf-example-alb-ecs/afdc7abb531c9e02",
                            "arn_suffix": "app/tf-example-alb-ecs/afdc7abb531c9e02",
                            "dns_name": "tf-example-alb-ecs-1260452899.us-east-1.elb.amazonaws.com",
                            "enable_deletion_protection": "false",
                            "id": "arn:aws:elasticloadbalancing:us-east-1:775606180962:loadbalancer/app/tf-example-alb-ecs/afdc7abb531c9e02",
                            "idle_timeout": "60",
                            "internal": "false",
                            "name": "tf-example-alb-ecs",
                            "security_groups.#": "1",
                            "security_groups.1219682006": "sg-f4c5d588",
                            "subnets.#": "2",
                            "subnets.1983891678": "subnet-37d34c1a",
                            "subnets.3939340980": "subnet-3ecad577",
                            "tags.%": "0",
                            "vpc_id": "vpc-133de375",
                            "zone_id": "Z35SXDOTRQ7X7K"
                        },
                        "meta": {},
                        "tainted": false
                    },
                    "deposed": [],
                    "provider": ""
                },
                "aws_alb_listener.front_end": {
                    "type": "aws_alb_listener",
                    "depends_on": [
                        "aws_alb.main",
                        "aws_alb_target_group.test"
                    ],
                    "primary": {
                        "id": "arn:aws:elasticloadbalancing:us-east-1:775606180962:listener/app/tf-example-alb-ecs/afdc7abb531c9e02/8d9f123d9fe486d4",
                        "attributes": {
                            "arn": "arn:aws:elasticloadbalancing:us-east-1:775606180962:listener/app/tf-example-alb-ecs/afdc7abb531c9e02/8d9f123d9fe486d4",
                            "default_action.#": "1",
                            "default_action.0.target_group_arn": "arn:aws:elasticloadbalancing:us-east-1:775606180962:targetgroup/tf-example-ecs-ghost/673f3797b814c519",
                            "default_action.0.type": "forward",
                            "id": "arn:aws:elasticloadbalancing:us-east-1:775606180962:listener/app/tf-example-alb-ecs/afdc7abb531c9e02/8d9f123d9fe486d4",
                            "load_balancer_arn": "arn:aws:elasticloadbalancing:us-east-1:775606180962:loadbalancer/app/tf-example-alb-ecs/afdc7abb531c9e02",
                            "port": "80",
                            "protocol": "HTTP",
                            "ssl_policy": ""
                        },
                        "meta": {},
                        "tainted": false
                    },
                    "deposed": [],
                    "provider": ""
                },
                "aws_alb_target_group.test": {
                    "type": "aws_alb_target_group",
                    "depends_on": [],
                    "primary": {
                        "id": "arn:aws:elasticloadbalancing:us-east-1:775606180962:targetgroup/tf-example-ecs-ghost/673f3797b814c519",
                        "attributes": {
                            "arn": "arn:aws:elasticloadbalancing:us-east-1:775606180962:targetgroup/tf-example-ecs-ghost/673f3797b814c519",
                            "arn_suffix": "targetgroup/tf-example-ecs-ghost/673f3797b814c519",
                            "deregistration_delay": "300",
                            "health_check.#": "1",
                            "health_check.0.healthy_threshold": "5",
                            "health_check.0.interval": "30",
                            "health_check.0.matcher": "200",
                            "health_check.0.path": "/",
                            "health_check.0.port": "traffic-port",
                            "health_check.0.protocol": "HTTP",
                            "health_check.0.timeout": "5",
                            "health_check.0.unhealthy_threshold": "2",
                            "id": "arn:aws:elasticloadbalancing:us-east-1:775606180962:targetgroup/tf-example-ecs-ghost/673f3797b814c519",
                            "name": "tf-example-ecs-ghost",
                            "port": "80",
                            "protocol": "HTTP",
                            "vpc_id": "vpc-133de375"
                        },
                        "meta": {},
                        "tainted": false
                    },
                    "deposed": [],
                    "provider": ""
                },
                "aws_autoscaling_group.app": {
                    "type": "aws_autoscaling_group",
                    "depends_on": [
                        "aws_launch_configuration.app"
                    ],
                    "primary": {
                        "id": "tf-test-asg",
                        "attributes": {
                            "arn": "arn:aws:autoscaling:us-east-1:775606180962:autoScalingGroup:ef644c8e-cd11-40d8-bf26-099695c78749:autoScalingGroupName/tf-test-asg",
                            "availability_zones.#": "1",
                            "availability_zones.3569565595": "us-east-1a",
                            "default_cooldown": "300",
                            "desired_capacity": "1",
                            "force_delete": "false",
                            "health_check_grace_period": "300",
                            "health_check_type": "EC2",
                            "id": "tf-test-asg",
                            "launch_configuration": "terraform-00b68b7f8148944accfd0d2e64",
                            "load_balancers.#": "0",
                            "max_size": "2",
                            "metrics_granularity": "1Minute",
                            "min_size": "1",
                            "name": "tf-test-asg",
                            "placement_group": "",
                            "protect_from_scale_in": "false",
                            "suspended_processes.#": "0",
                            "tag.#": "0",
                            "target_group_arns.#": "0",
                            "termination_policies.#": "0",
                            "vpc_zone_identifier.#": "1",
                            "vpc_zone_identifier.1983891678": "subnet-37d34c1a",
                            "wait_for_capacity_timeout": "10m"
                        },
                        "meta": {},
                        "tainted": false
                    },
                    "deposed": [],
                    "provider": ""
                },
                "aws_cloudwatch_log_group.app": {
                    "type": "aws_cloudwatch_log_group",
                    "depends_on": [],
                    "primary": {
                        "id": "tf-ecs-group/app-ghost",
                        "attributes": {
                            "arn": "arn:aws:logs:us-east-1:775606180962:log-group:tf-ecs-group/app-ghost:*",
                            "id": "tf-ecs-group/app-ghost",
                            "name": "tf-ecs-group/app-ghost",
                            "retention_in_days": "0",
                            "tags.%": "0"
                        },
                        "meta": {},
                        "tainted": false
                    },
                    "deposed": [],
                    "provider": ""
                },
                "aws_cloudwatch_log_group.ecs": {
                    "type": "aws_cloudwatch_log_group",
                    "depends_on": [],
                    "primary": {
                        "id": "tf-ecs-group/ecs-agent",
                        "attributes": {
                            "arn": "arn:aws:logs:us-east-1:775606180962:log-group:tf-ecs-group/ecs-agent:*",
                            "id": "tf-ecs-group/ecs-agent",
                            "name": "tf-ecs-group/ecs-agent",
                            "retention_in_days": "0",
                            "tags.%": "0"
                        },
                        "meta": {},
                        "tainted": false
                    },
                    "deposed": [],
                    "provider": ""
                },
                "aws_ecs_cluster.main": {
                    "type": "aws_ecs_cluster",
                    "depends_on": [],
                    "primary": {
                        "id": "arn:aws:ecs:us-east-1:775606180962:cluster/terraform_example_ecs_cluster",
                        "attributes": {
                            "id": "arn:aws:ecs:us-east-1:775606180962:cluster/terraform_example_ecs_cluster",
                            "name": "terraform_example_ecs_cluster"
                        },
                        "meta": {},
                        "tainted": false
                    },
                    "deposed": [],
                    "provider": ""
                },
                "aws_ecs_service.test": {
                    "type": "aws_ecs_service",
                    "depends_on": [
                        "aws_alb_listener.front_end",
                        "aws_alb_target_group.test",
                        "aws_ecs_cluster.main",
                        "aws_ecs_task_definition.ghost",
                        "aws_iam_role.ecs_service",
                        "aws_iam_role_policy.ecs_service"
                    ],
                    "primary": {
                        "id": "arn:aws:ecs:us-east-1:775606180962:service/tf-example-ecs-ghost",
                        "attributes": {
                            "cluster": "arn:aws:ecs:us-east-1:775606180962:cluster/terraform_example_ecs_cluster",
                            "deployment_maximum_percent": "200",
                            "deployment_minimum_healthy_percent": "100",
                            "desired_count": "1",
                            "iam_role": "tf_example_ecs_role",
                            "id": "arn:aws:ecs:us-east-1:775606180962:service/tf-example-ecs-ghost",
                            "load_balancer.#": "1",
                            "load_balancer.257762453.container_name": "ghost",
                            "load_balancer.257762453.container_port": "2368",
                            "load_balancer.257762453.elb_name": "",
                            "load_balancer.257762453.target_group_arn": "arn:aws:elasticloadbalancing:us-east-1:775606180962:targetgroup/tf-example-ecs-ghost/673f3797b814c519",
                            "name": "tf-example-ecs-ghost",
                            "placement_constraints.#": "0",
                            "placement_strategy.#": "0",
                            "task_definition": "arn:aws:ecs:us-east-1:775606180962:task-definition/tf_example_ghost_td:1"
                        },
                        "meta": {},
                        "tainted": false
                    },
                    "deposed": [],
                    "provider": ""
                },
                "aws_ecs_task_definition.ghost": {
                    "type": "aws_ecs_task_definition",
                    "depends_on": [
                        "data.template_file.task_definition"
                    ],
                    "primary": {
                        "id": "tf_example_ghost_td",
                        "attributes": {
                            "arn": "arn:aws:ecs:us-east-1:775606180962:task-definition/tf_example_ghost_td:1",
                            "container_definitions": "8b4e4f81289ac1d6a309a8baaae54f346471634c",
                            "family": "tf_example_ghost_td",
                            "id": "tf_example_ghost_td",
                            "network_mode": "",
                            "placement_constraints.#": "0",
                            "revision": "1",
                            "task_role_arn": ""
                        },
                        "meta": {},
                        "tainted": false
                    },
                    "deposed": [],
                    "provider": ""
                },
                "aws_iam_instance_profile.app": {
                    "type": "aws_iam_instance_profile",
                    "depends_on": [
                        "aws_iam_role.app_instance"
                    ],
                    "primary": {
                        "id": "tf-ecs-instprofile",
                        "attributes": {
                            "arn": "arn:aws:iam::775606180962:instance-profile/tf-ecs-instprofile",
                            "id": "tf-ecs-instprofile",
                            "name": "tf-ecs-instprofile",
                            "path": "/",
                            "roles.#": "1",
                            "roles.3128607614": "tf-ecs-example-instance-role"
                        },
                        "meta": {},
                        "tainted": false
                    },
                    "deposed": [],
                    "provider": ""
                },
                "aws_iam_role.app_instance": {
                    "type": "aws_iam_role",
                    "depends_on": [],
                    "primary": {
                        "id": "tf-ecs-example-instance-role",
                        "attributes": {
                            "arn": "arn:aws:iam::775606180962:role/tf-ecs-example-instance-role",
                            "assume_role_policy": "{\"Version\":\"2012-10-17\",\"Statement\":[{\"Sid\":\"\",\"Effect\":\"Allow\",\"Principal\":{\"Service\":\"ec2.amazonaws.com\"},\"Action\":\"sts:AssumeRole\"}]}",
                            "create_date": "2017-02-27T15:44:31Z",
                            "id": "tf-ecs-example-instance-role",
                            "name": "tf-ecs-example-instance-role",
                            "path": "/",
                            "unique_id": "AROAJPONCCK5DHHFT7SGS"
                        },
                        "meta": {},
                        "tainted": false
                    },
                    "deposed": [],
                    "provider": ""
                },
                "aws_iam_role.ecs_service": {
                    "type": "aws_iam_role",
                    "depends_on": [],
                    "primary": {
                        "id": "tf_example_ecs_role",
                        "attributes": {
                            "arn": "arn:aws:iam::775606180962:role/tf_example_ecs_role",
                            "assume_role_policy": "{\"Version\":\"2008-10-17\",\"Statement\":[{\"Sid\":\"\",\"Effect\":\"Allow\",\"Principal\":{\"Service\":\"ecs.amazonaws.com\"},\"Action\":\"sts:AssumeRole\"}]}",
                            "create_date": "2017-02-27T15:44:31Z",
                            "id": "tf_example_ecs_role",
                            "name": "tf_example_ecs_role",
                            "path": "/",
                            "unique_id": "AROAJQUS7SXNJBNBH4L3G"
                        },
                        "meta": {},
                        "tainted": false
                    },
                    "deposed": [],
                    "provider": ""
                },
                "aws_iam_role_policy.ecs_service": {
                    "type": "aws_iam_role_policy",
                    "depends_on": [
                        "aws_iam_role.ecs_service"
                    ],
                    "primary": {
                        "id": "tf_example_ecs_role:tf_example_ecs_policy",
                        "attributes": {
                            "id": "tf_example_ecs_role:tf_example_ecs_policy",
                            "name": "tf_example_ecs_policy",
                            "policy": "{\n  \"Version\": \"2012-10-17\",\n  \"Statement\": [\n    {\n      \"Effect\": \"Allow\",\n      \"Action\": [\n        \"ec2:Describe*\",\n        \"elasticloadbalancing:DeregisterInstancesFromLoadBalancer\",\n        \"elasticloadbalancing:DeregisterTargets\",\n        \"elasticloadbalancing:Describe*\",\n        \"elasticloadbalancing:RegisterInstancesWithLoadBalancer\",\n        \"elasticloadbalancing:RegisterTargets\"\n      ],\n      \"Resource\": \"*\"\n    }\n  ]\n}\n",
                            "role": "tf_example_ecs_role"
                        },
                        "meta": {},
                        "tainted": false
                    },
                    "deposed": [],
                    "provider": ""
                },
                "aws_iam_role_policy.instance": {
                    "type": "aws_iam_role_policy",
                    "depends_on": [
                        "aws_iam_role.app_instance",
                        "data.template_file.instance_profile"
                    ],
                    "primary": {
                        "id": "tf-ecs-example-instance-role:TfEcsExampleInstanceRole",
                        "attributes": {
                            "id": "tf-ecs-example-instance-role:TfEcsExampleInstanceRole",
                            "name": "TfEcsExampleInstanceRole",
                            "policy": "{\n  \"Version\": \"2012-10-17\",\n  \"Statement\": [\n    {\n      \"Sid\": \"ecsInstanceRole\",\n      \"Effect\": \"Allow\",\n      \"Action\": [\n        \"ecs:DeregisterContainerInstance\",\n        \"ecs:DiscoverPollEndpoint\",\n        \"ecs:Poll\",\n        \"ecs:RegisterContainerInstance\",\n        \"ecs:Submit*\"\n      ],\n      \"Resource\": [\n        \"*\"\n      ]\n    },\n    {\n      \"Sid\": \"allowLoggingToCloudWatch\",\n      \"Effect\": \"Allow\",\n      \"Action\": [\n        \"logs:CreateLogStream\",\n        \"logs:PutLogEvents\"\n      ],\n      \"Resource\": [\n        \"arn:aws:logs:us-east-1:775606180962:log-group:tf-ecs-group/app-ghost:*\",\n        \"arn:aws:logs:us-east-1:775606180962:log-group:tf-ecs-group/ecs-agent:*\"\n      ]\n    }\n  ]\n}\n",
                            "role": "tf-ecs-example-instance-role"
                        },
                        "meta": {},
                        "tainted": false
                    },
                    "deposed": [],
                    "provider": ""
                },
                "aws_launch_configuration.app": {
                    "type": "aws_launch_configuration",
                    "depends_on": [
                        "aws_iam_instance_profile.app",
                        "aws_security_group.instance_sg"
                    ],
                    "primary": {
                        "id": "terraform-00b68b7f8148944accfd0d2e64",
                        "attributes": {
                            "associate_public_ip_address": "true",
                            "ebs_block_device.#": "0",
                            "ebs_optimized": "false",
                            "enable_monitoring": "true",
                            "ephemeral_block_device.#": "0",
                            "iam_instance_profile": "tf-ecs-instprofile",
                            "id": "terraform-00b68b7f8148944accfd0d2e64",
                            "image_id": "ami-b2df2ca4",
                            "instance_type": "t2.small",
                            "key_name": "karasys-key",
                            "name": "terraform-00b68b7f8148944accfd0d2e64",
                            "root_block_device.#": "0",
                            "security_groups.#": "1",
                            "security_groups.1005022885": "sg-ddc5d5a1",
                            "spot_price": "",
                            "vpc_classic_link_id": "",
                            "vpc_classic_link_security_groups.#": "0"
                        },
                        "meta": {},
                        "tainted": false
                    },
                    "deposed": [],
                    "provider": ""
                },
                "aws_security_group.instance_sg": {
                    "type": "aws_security_group",
                    "depends_on": [
                        "aws_security_group.lb_sg"
                    ],
                    "primary": {
                        "id": "sg-ddc5d5a1",
                        "attributes": {
                            "description": "controls direct access to application instances",
                            "egress.#": "1",
                            "egress.482069346.cidr_blocks.#": "1",
                            "egress.482069346.cidr_blocks.0": "0.0.0.0/0",
                            "egress.482069346.from_port": "0",
                            "egress.482069346.prefix_list_ids.#": "0",
                            "egress.482069346.protocol": "-1",
                            "egress.482069346.security_groups.#": "0",
                            "egress.482069346.self": "false",
                            "egress.482069346.to_port": "0",
                            "id": "sg-ddc5d5a1",
                            "ingress.#": "2",
                            "ingress.2541437006.cidr_blocks.#": "1",
                            "ingress.2541437006.cidr_blocks.0": "0.0.0.0/0",
                            "ingress.2541437006.from_port": "22",
                            "ingress.2541437006.protocol": "tcp",
                            "ingress.2541437006.security_groups.#": "0",
                            "ingress.2541437006.self": "false",
                            "ingress.2541437006.to_port": "22",
                            "ingress.2999727653.cidr_blocks.#": "0",
                            "ingress.2999727653.from_port": "8080",
                            "ingress.2999727653.protocol": "tcp",
                            "ingress.2999727653.security_groups.#": "1",
                            "ingress.2999727653.security_groups.1219682006": "sg-f4c5d588",
                            "ingress.2999727653.self": "false",
                            "ingress.2999727653.to_port": "8080",
                            "name": "tf-ecs-instsg",
                            "owner_id": "775606180962",
                            "tags.%": "0",
                            "vpc_id": "vpc-133de375"
                        },
                        "meta": {},
                        "tainted": false
                    },
                    "deposed": [],
                    "provider": ""
                },
                "aws_security_group.lb_sg": {
                    "type": "aws_security_group",
                    "depends_on": [],
                    "primary": {
                        "id": "sg-f4c5d588",
                        "attributes": {
                            "description": "controls access to the application ELB",
                            "egress.#": "1",
                            "egress.482069346.cidr_blocks.#": "1",
                            "egress.482069346.cidr_blocks.0": "0.0.0.0/0",
                            "egress.482069346.from_port": "0",
                            "egress.482069346.prefix_list_ids.#": "0",
                            "egress.482069346.protocol": "-1",
                            "egress.482069346.security_groups.#": "0",
                            "egress.482069346.self": "false",
                            "egress.482069346.to_port": "0",
                            "id": "sg-f4c5d588",
                            "ingress.#": "1",
                            "ingress.2214680975.cidr_blocks.#": "1",
                            "ingress.2214680975.cidr_blocks.0": "0.0.0.0/0",
                            "ingress.2214680975.from_port": "80",
                            "ingress.2214680975.protocol": "tcp",
                            "ingress.2214680975.security_groups.#": "0",
                            "ingress.2214680975.self": "false",
                            "ingress.2214680975.to_port": "80",
                            "name": "tf-ecs-lbsg",
                            "owner_id": "775606180962",
                            "tags.%": "0",
                            "vpc_id": "vpc-133de375"
                        },
                        "meta": {},
                        "tainted": false
                    },
                    "deposed": [],
                    "provider": ""
                },
                "data.aws_availability_zones.available": {
                    "type": "aws_availability_zones",
                    "depends_on": [],
                    "primary": {
                        "id": "2017-02-27 15:51:09.318263041 +0000 UTC",
                        "attributes": {
                            "id": "2017-02-27 15:51:09.318263041 +0000 UTC",
                            "names.#": "5",
                            "names.0": "us-east-1a",
                            "names.1": "us-east-1b",
                            "names.2": "us-east-1c",
                            "names.3": "us-east-1d",
                            "names.4": "us-east-1e"
                        },
                        "meta": {},
                        "tainted": false
                    },
                    "deposed": [],
                    "provider": ""
                },
                "data.template_file.instance_profile": {
                    "type": "template_file",
                    "depends_on": [
                        "aws_cloudwatch_log_group.app",
                        "aws_cloudwatch_log_group.ecs"
                    ],
                    "primary": {
                        "id": "d07e074b585b6c08ef3157de68ba901e941c2034cff89b1a6a44b91fef01f6db",
                        "attributes": {
                            "id": "d07e074b585b6c08ef3157de68ba901e941c2034cff89b1a6a44b91fef01f6db",
                            "rendered": "{\n  \"Version\": \"2012-10-17\",\n  \"Statement\": [\n    {\n      \"Sid\": \"ecsInstanceRole\",\n      \"Effect\": \"Allow\",\n      \"Action\": [\n        \"ecs:DeregisterContainerInstance\",\n        \"ecs:DiscoverPollEndpoint\",\n        \"ecs:Poll\",\n        \"ecs:RegisterContainerInstance\",\n        \"ecs:Submit*\"\n      ],\n      \"Resource\": [\n        \"*\"\n      ]\n    },\n    {\n      \"Sid\": \"allowLoggingToCloudWatch\",\n      \"Effect\": \"Allow\",\n      \"Action\": [\n        \"logs:CreateLogStream\",\n        \"logs:PutLogEvents\"\n      ],\n      \"Resource\": [\n        \"arn:aws:logs:us-east-1:775606180962:log-group:tf-ecs-group/app-ghost:*\",\n        \"arn:aws:logs:us-east-1:775606180962:log-group:tf-ecs-group/ecs-agent:*\"\n      ]\n    }\n  ]\n}\n",
                            "template": "{\n  \"Version\": \"2012-10-17\",\n  \"Statement\": [\n    {\n      \"Sid\": \"ecsInstanceRole\",\n      \"Effect\": \"Allow\",\n      \"Action\": [\n        \"ecs:DeregisterContainerInstance\",\n        \"ecs:DiscoverPollEndpoint\",\n        \"ecs:Poll\",\n        \"ecs:RegisterContainerInstance\",\n        \"ecs:Submit*\"\n      ],\n      \"Resource\": [\n        \"*\"\n      ]\n    },\n    {\n      \"Sid\": \"allowLoggingToCloudWatch\",\n      \"Effect\": \"Allow\",\n      \"Action\": [\n        \"logs:CreateLogStream\",\n        \"logs:PutLogEvents\"\n      ],\n      \"Resource\": [\n        \"${app_log_group_arn}\",\n        \"${ecs_log_group_arn}\"\n      ]\n    }\n  ]\n}\n",
                            "vars.%": "2",
                            "vars.app_log_group_arn": "arn:aws:logs:us-east-1:775606180962:log-group:tf-ecs-group/app-ghost:*",
                            "vars.ecs_log_group_arn": "arn:aws:logs:us-east-1:775606180962:log-group:tf-ecs-group/ecs-agent:*"
                        },
                        "meta": {},
                        "tainted": false
                    },
                    "deposed": [],
                    "provider": ""
                },
                "data.template_file.task_definition": {
                    "type": "template_file",
                    "depends_on": [
                        "aws_cloudwatch_log_group.app"
                    ],
                    "primary": {
                        "id": "c9fb9791c4f5c9a1c2fd143a828b3f8ffd2424692ef35af40969636c6ab1b61f",
                        "attributes": {
                            "id": "c9fb9791c4f5c9a1c2fd143a828b3f8ffd2424692ef35af40969636c6ab1b61f",
                            "rendered": "[\n  {\n    \"cpu\": 256,\n    \"essential\": true,\n    \"image\": \"ghost:latest\",\n    \"memory\": 512,\n    \"name\": \"ghost\",\n    \"portMappings\": [\n      {\n        \"containerPort\": 2368,\n        \"hostPort\": 8080\n      }\n    ],\n    \"logConfiguration\": {\n        \"logDriver\": \"awslogs\",\n        \"options\": {\n            \"awslogs-group\": \"tf-ecs-group/app-ghost\",\n            \"awslogs-region\": \"us-east-1\"\n        }\n    }\n  }\n]\n",
                            "template": "[\n  {\n    \"cpu\": 256,\n    \"essential\": true,\n    \"image\": \"${image_url}\",\n    \"memory\": 512,\n    \"name\": \"${container_name}\",\n    \"portMappings\": [\n      {\n        \"containerPort\": 2368,\n        \"hostPort\": 8080\n      }\n    ],\n    \"logConfiguration\": {\n        \"logDriver\": \"awslogs\",\n        \"options\": {\n            \"awslogs-group\": \"${log_group_name}\",\n            \"awslogs-region\": \"${log_group_region}\"\n        }\n    }\n  }\n]\n",
                            "vars.%": "4",
                            "vars.container_name": "ghost",
                            "vars.image_url": "ghost:latest",
                            "vars.log_group_name": "tf-ecs-group/app-ghost",
                            "vars.log_group_region": "us-east-1"
                        },
                        "meta": {},
                        "tainted": false
                    },
                    "deposed": [],
                    "provider": ""
                }
            },
            "depends_on": []
        }
    ]
}
