{
    "version": 3,
    "terraform_version": "0.8.5",
    "serial": 3,
    "lineage": "b51a7723-dbcc-474c-a514-920f4564a0da",
    "modules": [
        {
            "path": [
                "root"
            ],
            "outputs": {},
            "resources": {
                "aws_instance.example": {
                    "type": "aws_instance",
                    "depends_on": [
                        "aws_security_group.instance"
                    ],
                    "primary": {
                        "id": "i-00a061582c622838d",
                        "attributes": {
                            "ami": "ami-0b33d91d",
                            "associate_public_ip_address": "true",
                            "availability_zone": "us-east-1a",
                            "disable_api_termination": "false",
                            "ebs_block_device.#": "0",
                            "ebs_optimized": "false",
                            "ephemeral_block_device.#": "0",
                            "iam_instance_profile": "",
                            "id": "i-00a061582c622838d",
                            "instance_state": "running",
                            "instance_type": "t2.micro",
                            "key_name": "karasys-key",
                            "monitoring": "false",
                            "network_interface_id": "eni-3fdfe4cd",
                            "private_dns": "ip-172-31-57-106.ec2.internal",
                            "private_ip": "172.31.57.106",
                            "public_dns": "ec2-174-129-165-2.compute-1.amazonaws.com",
                            "public_ip": "174.129.165.2",
                            "root_block_device.#": "1",
                            "root_block_device.0.delete_on_termination": "true",
                            "root_block_device.0.iops": "100",
                            "root_block_device.0.volume_size": "8",
                            "root_block_device.0.volume_type": "gp2",
                            "security_groups.#": "0",
                            "source_dest_check": "true",
                            "subnet_id": "subnet-37d34c1a",
                            "tags.%": "1",
                            "tags.Name": "docker-test",
                            "tenancy": "default",
                            "user_data": "df68fe2e7aa29b62df7198ecdaf34b0065e21c60",
                            "vpc_security_group_ids.#": "1",
                            "vpc_security_group_ids.2580208014": "sg-6760581b"
                        },
                        "meta": {
                            "schema_version": "1"
                        },
                        "tainted": false
                    },
                    "deposed": [],
                    "provider": ""
                },
                "aws_security_group.instance": {
                    "type": "aws_security_group",
                    "depends_on": [],
                    "primary": {
                        "id": "sg-6760581b",
                        "attributes": {
                            "description": "Managed by Terraform",
                            "egress.#": "1",
                            "egress.482069346.cidr_blocks.#": "1",
                            "egress.482069346.cidr_blocks.0": "0.0.0.0/0",
                            "egress.482069346.from_port": "0",
                            "egress.482069346.prefix_list_ids.#": "0",
                            "egress.482069346.protocol": "-1",
                            "egress.482069346.security_groups.#": "0",
                            "egress.482069346.self": "false",
                            "egress.482069346.to_port": "0",
                            "id": "sg-6760581b",
                            "ingress.#": "1",
                            "ingress.2541437006.cidr_blocks.#": "1",
                            "ingress.2541437006.cidr_blocks.0": "0.0.0.0/0",
                            "ingress.2541437006.from_port": "22",
                            "ingress.2541437006.protocol": "tcp",
                            "ingress.2541437006.security_groups.#": "0",
                            "ingress.2541437006.self": "false",
                            "ingress.2541437006.to_port": "22",
                            "name": "docker-test-sg",
                            "owner_id": "775606180962",
                            "tags.%": "0",
                            "vpc_id": "vpc-133de375"
                        },
                        "meta": {},
                        "tainted": false
                    },
                    "deposed": [],
                    "provider": ""
                }
            },
            "depends_on": []
        }
    ]
}
