{
    "version": 3,
    "terraform_version": "0.8.5",
    "serial": 0,
    "lineage": "e54ed578-1b27-4aef-be19-aec00d08e8e9",
    "modules": [
        {
            "path": [
                "root"
            ],
            "outputs": {},
            "resources": {
                "aws_instance.sfg-node-1": {
                    "type": "aws_instance",
                    "depends_on": [
                        "data.aws_ami.rhel",
                        "data.aws_security_group.selected",
                        "data.aws_subnet.PublicAZA"
                    ],
                    "primary": {
                        "id": "i-08be43e179cf50516",
                        "attributes": {
                            "ami": "ami-9e773189",
                            "associate_public_ip_address": "false",
                            "availability_zone": "us-east-1a",
                            "disable_api_termination": "false",
                            "ebs_block_device.#": "1",
                            "ebs_block_device.3750969609.delete_on_termination": "true",
                            "ebs_block_device.3750969609.device_name": "/dev/sdb",
                            "ebs_block_device.3750969609.encrypted": "false",
                            "ebs_block_device.3750969609.iops": "150",
                            "ebs_block_device.3750969609.snapshot_id": "snap-087de870bce3296a1",
                            "ebs_block_device.3750969609.volume_size": "50",
                            "ebs_block_device.3750969609.volume_type": "gp2",
                            "ebs_optimized": "false",
                            "ephemeral_block_device.#": "0",
                            "iam_instance_profile": "",
                            "id": "i-08be43e179cf50516",
                            "instance_state": "running",
                            "instance_type": "t2.micro",
                            "key_name": "",
                            "monitoring": "false",
                            "network_interface_id": "eni-bfc6f44c",
                            "private_dns": "ip-10-250-195-158.ec2.internal",
                            "private_ip": "10.250.195.158",
                            "public_dns": "",
                            "public_ip": "",
                            "root_block_device.#": "1",
                            "root_block_device.0.delete_on_termination": "true",
                            "root_block_device.0.iops": "100",
                            "root_block_device.0.volume_size": "20",
                            "root_block_device.0.volume_type": "gp2",
                            "security_groups.#": "0",
                            "source_dest_check": "true",
                            "subnet_id": "subnet-6c967f41",
                            "tags.%": "1",
                            "tags.Name": "sfg-node-1",
                            "tenancy": "default",
                            "vpc_security_group_ids.#": "1",
                            "vpc_security_group_ids.2751695077": "sg-710b620b"
                        },
                        "meta": {
                            "schema_version": "1"
                        },
                        "tainted": false
                    },
                    "deposed": [],
                    "provider": ""
                },
                "aws_instance.sfg-node-2": {
                    "type": "aws_instance",
                    "depends_on": [
                        "data.aws_ami.rhel",
                        "data.aws_security_group.selected",
                        "data.aws_subnet.PublicAZB"
                    ],
                    "primary": {
                        "id": "i-0f6cf1c77c0ae0e34",
                        "attributes": {
                            "ami": "ami-9e773189",
                            "associate_public_ip_address": "false",
                            "availability_zone": "us-east-1b",
                            "disable_api_termination": "false",
                            "ebs_block_device.#": "1",
                            "ebs_block_device.3750969609.delete_on_termination": "true",
                            "ebs_block_device.3750969609.device_name": "/dev/sdb",
                            "ebs_block_device.3750969609.encrypted": "false",
                            "ebs_block_device.3750969609.iops": "150",
                            "ebs_block_device.3750969609.snapshot_id": "snap-087de870bce3296a1",
                            "ebs_block_device.3750969609.volume_size": "50",
                            "ebs_block_device.3750969609.volume_type": "gp2",
                            "ebs_optimized": "false",
                            "ephemeral_block_device.#": "0",
                            "iam_instance_profile": "",
                            "id": "i-0f6cf1c77c0ae0e34",
                            "instance_state": "running",
                            "instance_type": "t2.micro",
                            "key_name": "",
                            "monitoring": "false",
                            "network_interface_id": "eni-deba933f",
                            "private_dns": "ip-10-250-197-181.ec2.internal",
                            "private_ip": "10.250.197.181",
                            "public_dns": "",
                            "public_ip": "",
                            "root_block_device.#": "1",
                            "root_block_device.0.delete_on_termination": "true",
                            "root_block_device.0.iops": "100",
                            "root_block_device.0.volume_size": "20",
                            "root_block_device.0.volume_type": "gp2",
                            "security_groups.#": "0",
                            "source_dest_check": "true",
                            "subnet_id": "subnet-7a06df33",
                            "tags.%": "1",
                            "tags.Name": "sfg-node-2",
                            "tenancy": "default",
                            "vpc_security_group_ids.#": "1",
                            "vpc_security_group_ids.2751695077": "sg-710b620b"
                        },
                        "meta": {
                            "schema_version": "1"
                        },
                        "tainted": false
                    },
                    "deposed": [],
                    "provider": ""
                },
                "data.aws_ami.rhel": {
                    "type": "aws_ami",
                    "depends_on": [],
                    "primary": {
                        "id": "ami-9e773189",
                        "attributes": {
                            "architecture": "x86_64",
                            "block_device_mappings.#": "2",
                            "block_device_mappings.1487808167.device_name": "/dev/sdb",
                            "block_device_mappings.1487808167.ebs.%": "6",
                            "block_device_mappings.1487808167.ebs.delete_on_termination": "true",
                            "block_device_mappings.1487808167.ebs.encrypted": "true",
                            "block_device_mappings.1487808167.ebs.iops": "0",
                            "block_device_mappings.1487808167.ebs.snapshot_id": "snap-087de870bce3296a1",
                            "block_device_mappings.1487808167.ebs.volume_size": "50",
                            "block_device_mappings.1487808167.ebs.volume_type": "gp2",
                            "block_device_mappings.1487808167.no_device": "",
                            "block_device_mappings.1487808167.virtual_name": "",
                            "block_device_mappings.736182658.device_name": "/dev/sda1",
                            "block_device_mappings.736182658.ebs.%": "6",
                            "block_device_mappings.736182658.ebs.delete_on_termination": "true",
                            "block_device_mappings.736182658.ebs.encrypted": "false",
                            "block_device_mappings.736182658.ebs.iops": "0",
                            "block_device_mappings.736182658.ebs.snapshot_id": "snap-0898b7278fdb96e2c",
                            "block_device_mappings.736182658.ebs.volume_size": "20",
                            "block_device_mappings.736182658.ebs.volume_type": "gp2",
                            "block_device_mappings.736182658.no_device": "",
                            "block_device_mappings.736182658.virtual_name": "",
                            "creation_date": "2016-09-29T04:29:44.000Z",
                            "description": "RHEL7 plus CIS All Volumes unEncrypted",
                            "filter.#": "2",
                            "filter.3041562836.name": "name",
                            "filter.3041562836.values.#": "1",
                            "filter.3041562836.values.0": "TRP-RHEL7-CIS-unEncrypted*",
                            "filter.490168357.name": "virtualization-type",
                            "filter.490168357.values.#": "1",
                            "filter.490168357.values.0": "hvm",
                            "hypervisor": "xen",
                            "id": "ami-9e773189",
                            "image_id": "ami-9e773189",
                            "image_location": "383856603817/TRP-RHEL7-CIS-unEncrypted-09272016-v2",
                            "image_type": "machine",
                            "most_recent": "true",
                            "name": "TRP-RHEL7-CIS-unEncrypted-09272016-v2",
                            "owner_id": "383856603817",
                            "owners.#": "1",
                            "owners.0": "383856603817",
                            "product_codes.#": "0",
                            "public": "false",
                            "root_device_name": "/dev/sda1",
                            "root_device_type": "ebs",
                            "sriov_net_support": "simple",
                            "state": "available",
                            "state_reason.%": "2",
                            "state_reason.code": "UNSET",
                            "state_reason.message": "UNSET",
                            "tags.#": "1",
                            "tags.896214079.key": "Name",
                            "tags.896214079.value": "RHEL7 plus CIS All Volumes unEncrypted",
                            "virtualization_type": "hvm"
                        },
                        "meta": {},
                        "tainted": false
                    },
                    "deposed": [],
                    "provider": ""
                },
                "data.aws_security_group.selected": {
                    "type": "aws_security_group",
                    "depends_on": [],
                    "primary": {
                        "id": "sg-710b620b",
                        "attributes": {
                            "filter.#": "1",
                            "filter.937474372.name": "tag:Name",
                            "filter.937474372.values.#": "1",
                            "filter.937474372.values.1870937919": "trp-default",
                            "id": "sg-710b620b",
                            "name": "default-SecurityGroup-TRPDefaultSecurityGroup-8ZPM4HG5ZTKH",
                            "tags.%": "1",
                            "tags.Name": "trp-default",
                            "vpc_id": "vpc-78fea21f"
                        },
                        "meta": {},
                        "tainted": false
                    },
                    "deposed": [],
                    "provider": ""
                },
                "data.aws_subnet.PublicAZA": {
                    "type": "aws_subnet",
                    "depends_on": [],
                    "primary": {
                        "id": "subnet-6c967f41",
                        "attributes": {
                            "availability_zone": "us-east-1a",
                            "cidr_block": "10.250.194.0/23",
                            "default_for_az": "false",
                            "filter.#": "2",
                            "filter.1606382251.name": "tag:Name",
                            "filter.1606382251.values.#": "1",
                            "filter.1606382251.values.3064172197": "*priv*",
                            "filter.2728997951.name": "availability-zone",
                            "filter.2728997951.values.#": "1",
                            "filter.2728997951.values.67145562": "us-east-1a",
                            "id": "subnet-6c967f41",
                            "state": "available",
                            "tags.%": "1",
                            "tags.Name": "shared-sb01-us-east-1-priv1a",
                            "vpc_id": "vpc-78fea21f"
                        },
                        "meta": {},
                        "tainted": false
                    },
                    "deposed": [],
                    "provider": ""
                },
                "data.aws_subnet.PublicAZB": {
                    "type": "aws_subnet",
                    "depends_on": [],
                    "primary": {
                        "id": "subnet-7a06df33",
                        "attributes": {
                            "availability_zone": "us-east-1b",
                            "cidr_block": "10.250.196.0/23",
                            "default_for_az": "false",
                            "filter.#": "2",
                            "filter.1606382251.name": "tag:Name",
                            "filter.1606382251.values.#": "1",
                            "filter.1606382251.values.3064172197": "*priv*",
                            "filter.2954664913.name": "availability-zone",
                            "filter.2954664913.values.#": "1",
                            "filter.2954664913.values.791534745": "us-east-1b",
                            "id": "subnet-7a06df33",
                            "state": "available",
                            "tags.%": "1",
                            "tags.Name": "shared-sb01-us-east-1-priv1b",
                            "vpc_id": "vpc-78fea21f"
                        },
                        "meta": {},
                        "tainted": false
                    },
                    "deposed": [],
                    "provider": ""
                }
            },
            "depends_on": []
        }
    ]
}
